github.com/Johniel/go-quadtree v0.0.0-20200108122701-a7c74973338a h1:EqRvBS/2PFdXVHlN/4CsctYyHPJ7bQR6VUt137Bg3wY=
github.com/Johniel/go-quadtree v0.0.0-20200108122701-a7c74973338a/go.mod h1:5TGuSWYBLcnO6pzcl2jCkxu85aSlF0lmJBruoXH6D2A=
github.com/go-sql-driver/mysql v1.5.0 h1:ozyZYNQW3x3HtqT1jira07DN2PArx2v7/mN66gGcHOs=
github.com/go-sql-driver/mysql v1.5.0/go.mod h1:DCzpHaOWr8IXmIStZouvnhqoel9Qv2LBy8hT2VhHyBg=
github.com/mattn/go-sqlite3 v2.0.1+incompatible/go.mod h1:FPy6KqzDD04eiIsT53CuJW3U88zkxoIYsOqkbpncsNc=
